{
  "name": "googleflghtsplaywright",
  "version": "1.0.0",
  "lockfileVersion": 3,
  "requires": true,
  "packages": {
    "": {
      "name": "googleflghtsplaywright",
      "version": "1.0.0",
      "license": "ISC",
      "devDependencies": {
        "@playwright/test": "^1.52.0",
        "@types/node": "^22.15.17"
      }
    },
    "node_modules/@playwright/test": {
      "version": "1.52.0",
      "resolved": "https://pkgs.dev.azure.com/iissab-ipex/KitchenPlanner/_packaging/main/npm/registry/@playwright/test/-/test-1.52.0.tgz",
      "integrity": "sha1-Jn7FlbQ6j0+l5ETqUDaJYp6Rpbg=",
      "dev": true,
      "license": "Apache-2.0",
      "dependencies": {
        "playwright": "1.52.0"
      },
      "bin": {
        "playwright": "cli.js"
      },
      "engines": {
        "node": ">=18"
      }
    },
    "node_modules/@types/node": {
      "version": "22.15.17",
      "resolved": "https://pkgs.dev.azure.com/iissab-ipex/KitchenPlanner/_packaging/main/npm/registry/@types/node/-/node-22.15.17.tgz",
      "integrity": "sha1-NVzOyV9wW2ZOQzK7ZKfwfbMLcFU=",
      "dev": true,
      "license": "MIT",
      "dependencies": {
        "undici-types": "~6.21.0"
      }
    },
    "node_modules/fsevents": {
      "version": "2.3.2",
      "resolved": "https://pkgs.dev.azure.com/iissab-ipex/KitchenPlanner/_packaging/main/npm/registry/fsevents/-/fsevents-2.3.2.tgz",
      "integrity": "sha1-ilJveLj99GI7cJ4Ll1xSwkwC/Ro=",
      "dev": true,
      "license": "MIT",
      "optional": true,
      "os": [
        "darwin"
      ],
      "engines": {
        "node": "^8.16.0 || ^10.6.0 || >=11.0.0"
      }
    },
    "node_modules/playwright": {
      "version": "1.52.0",
      "resolved": "https://pkgs.dev.azure.com/iissab-ipex/KitchenPlanner/_packaging/main/npm/registry/playwright/-/playwright-1.52.0.tgz",
      "integrity": "sha1-JsuaYzRmUeHFTIgFrP2FaDFz1L0=",
      "dev": true,
      "license": "Apache-2.0",
      "dependencies": {
        "playwright-core": "1.52.0"
      },
      "bin": {
        "playwright": "cli.js"
      },
      "engines": {
        "node": ">=18"
      },
      "optionalDependencies": {
        "fsevents": "2.3.2"
      }
    },
    "node_modules/playwright-core": {
      "version": "1.52.0",
      "resolved": "https://pkgs.dev.azure.com/iissab-ipex/KitchenPlanner/_packaging/main/npm/registry/playwright-core/-/playwright-core-1.52.0.tgz",
      "integrity": "sha1-I48fDD7dTrugQ0zj9EAZADGaPco=",
      "dev": true,
      "license": "Apache-2.0",
      "bin": {
        "playwright-core": "cli.js"
      },
      "engines": {
        "node": ">=18"
      }
    },
    "node_modules/undici-types": {
      "version": "6.21.0",
      "resolved": "https://pkgs.dev.azure.com/iissab-ipex/KitchenPlanner/_packaging/main/npm/registry/undici-types/-/undici-types-6.21.0.tgz",
      "integrity": "sha1-aR0ArzkJvpOn+qE75hs6W1DvEss=",
      "dev": true,
      "license": "MIT"
    }
  }
}
